
Microsoft Visual Studio Solution File, Format Version 12.00
# Visual Studio Version 17
VisualStudioVersion = 17.0.31903.59
MinimumVisualStudioVersion = 10.0.40219.1
Project("{FAE04EC0-301F-11D3-BF4B-00C04F79EFBC}") = "TrieDictionary", "TrieDictionary.csproj", "{E9373BB3-B1B3-4B25-B2AC-088FAA697EBD}"
EndProject
Project("{FAE04EC0-301F-11D3-BF4B-00C04F79EFBC}") = "TrieDictionaryTest", "TrieDictionaryTest\TrieDictionaryTest.csproj", "{B511D775-76F7-4540-886A-4CB1B234ED8A}"
EndProject
Global
	GlobalSection(SolutionConfigurationPlatforms) = preSolution
		Debug|Any CPU = Debug|Any CPU
		Release|Any CPU = Release|Any CPU
	EndGlobalSection
	GlobalSection(SolutionProperties) = preSolution
		HideSolutionNode = FALSE
	EndGlobalSection
	GlobalSection(ProjectConfigurationPlatforms) = postSolution
		{E9373BB3-B1B3-4B25-B2AC-088FAA697EBD}.Debug|Any CPU.ActiveCfg = Debug|Any CPU
		{E9373BB3-B1B3-4B25-B2AC-088FAA697EBD}.Debug|Any CPU.Build.0 = Debug|Any CPU
		{E9373BB3-B1B3-4B25-B2AC-088FAA697EBD}.Release|Any CPU.ActiveCfg = Release|Any CPU
		{E9373BB3-B1B3-4B25-B2AC-088FAA697EBD}.Release|Any CPU.Build.0 = Release|Any CPU
		{B511D775-76F7-4540-886A-4CB1B234ED8A}.Debug|Any CPU.ActiveCfg = Debug|Any CPU
		{B511D775-76F7-4540-886A-4CB1B234ED8A}.Debug|Any CPU.Build.0 = Debug|Any CPU
		{B511D775-76F7-4540-886A-4CB1B234ED8A}.Release|Any CPU.ActiveCfg = Release|Any CPU
		{B511D775-76F7-4540-886A-4CB1B234ED8A}.Release|Any CPU.Build.0 = Release|Any CPU
	EndGlobalSection
EndGlobal
